{
  "object": {
    "pins": [
      {
        "package": "Alamofire",
        "repositoryURL": "https://github.com/Alamofire/Alamofire",
        "state": {
          "branch": null,
          "revision": "747c8db8d57b68d5e35275f10c92d55f982adbd4",
          "version": "4.9.1"
        }
      },
      {
        "package": "JOSESwift",
        "repositoryURL": "https://github.com/airsidemobile/JOSESwift",
        "state": {
          "branch": "master",
          "revision": "eb32c1a1589378d67979c80c4c7d88f33e9b0282",
          "version": null
        }
      }
    ]
  },
  "version": 1
}
